{
  "name": "beatm8-backend",
  "version": "1.0.0",
  "lockfileVersion": 3,
  "requires": true,
  "packages": {
    "": {
      "name": "beatm8-backend",
      "version": "1.0.0",
      "license": "MIT",
      "dependencies": {
        "@supabase/supabase-js": "^2.39.7",
        "axios": "^1.6.7",
        "dotenv": "^16.3.1",
        "node-fetch": "^3.3.2"
      }
    }
  },
  "dependencies": {
    "@supabase/supabase-js": {
      "version": "2.39.7",
      "resolved": "https://registry.npmjs.org/@supabase/supabase-js/-/supabase-js-2.39.7.tgz",
      "integrity": "sha512-VZ4BgegmGz+9XZCdfMklLdDaPpuqPfXz9VaZMeNc0E6FuqnBzLxqpBftT9/yzcwjJcrPy1ek9DAfPNg0BRZP0A==",
      "dependencies": {
        "cross-fetch": "^3.1.5"
      }
    },
    "axios": {
      "version": "1.6.7",
      "resolved": "https://registry.npmjs.org/axios/-/axios-1.6.7.tgz",
      "integrity": "sha512-dqfQ9iAcq0EzF5N4eY8xDFpgAhfXk4H3BgdzfqKhQlOlQws0VHd+rdGdb9FncYxFJ94I9tTgyh3i7nGItB6Ctw=="
    },
    "dotenv": {
      "version": "16.3.1",
      "resolved": "https://registry.npmjs.org/dotenv/-/dotenv-16.3.1.tgz",
      "integrity": "sha512-v6mKrAHYDaZT7/VF6pUNkgeifK19YmhrhGzNDZqOUeRjGVgLBk6UUlG0vCAXvG+dHKcbNjsIGZ3PqTgx1sGE3g=="
    },
    "node-fetch": {
      "version": "3.3.2",
      "resolved": "https://registry.npmjs.org/node-fetch/-/node-fetch-3.3.2.tgz",
      "integrity": "sha512-7xKVy/Np/DP0sknxCakDLhISIsS0PBzHrsM84uYIRWlBLyGInYlhr7IohzONFM8PlriZJxRj8kI4AYftc9tS+w=="
    },
    "cross-fetch": {
      "version": "3.1.5",
      "resolved": "https://registry.npmjs.org/cross-fetch/-/cross-fetch-3.1.5.tgz",
      "integrity": "sha512-vLBywFsnAD8ItPGMJzNl4mE2swN0QJYXj5tr2a8iJ7YzA5ewGEpRt6QtF+kMknwNiHLUVmZrtsMeBG2cB3ncyQ=="
    }
  }
}
